# THIS IS AN AUTOGENERATED FILE. DO NOT EDIT THIS FILE DIRECTLY.
# yarn lockfile v1


"@4lch4/logger@^1.7.4":
  version "1.7.4"
  resolved "https://artifactory-prd.jbhunt.com:8081/artifactory/api/npm/npm-repos/@4lch4/logger/-/logger-1.7.4.tgz#7455223a56dcf0e42cb41b5b60cf048829325543"
  integrity sha1-dFUiOlbc8OQstBtbYM8EiCkyVUM=
  dependencies:
    chalk "^4.1.2"
    dayjs "^1.10.7"
    fs-extra "^10.0.0"

"@peter-murray/hue-bridge-model@^2.0.1":
  version "2.0.4"
  resolved "https://artifactory-prd.jbhunt.com:8081/artifactory/api/npm/npm-repos/@peter-murray/hue-bridge-model/-/hue-bridge-model-2.0.4.tgz#26f61234b4fa00058a6fcb523dfbc0da8b78915d"
  integrity sha1-JvYSNLT6AAWKb8tSPfvA2ot4kV0=

"@types/node@^17.0.40":
  version "17.0.40"
  resolved "https://registry.yarnpkg.com/@types/node/-/node-17.0.40.tgz#76ee88ae03650de8064a6cf75b8d95f9f4a16090"
  integrity sha512-UXdBxNGqTMtm7hCwh9HtncFVLrXoqA3oJW30j6XWp5BH/wu3mVeaxo7cq5benFdBw34HB3XDT2TRPI7rXZ+mDg==

ansi-styles@^4.1.0:
  version "4.3.0"
  resolved "https://artifactory-prd.jbhunt.com:8081/artifactory/api/npm/npm-repos/ansi-styles/-/ansi-styles-4.3.0.tgz#edd803628ae71c04c85ae7a0906edad34b648937"
  integrity sha1-7dgDYornHATIWuegkG7a00tkiTc=
  dependencies:
    color-convert "^2.0.1"

bottleneck@^2.19.5:
  version "2.19.5"
  resolved "https://artifactory-prd.jbhunt.com:8081/artifactory/api/npm/npm-repos/bottleneck/-/bottleneck-2.19.5.tgz#5df0b90f59fd47656ebe63c78a98419205cadd91"
  integrity sha1-XfC5D1n9R2VuvmPHiphBkgXK3ZE=

chalk@^4.1.2:
  version "4.1.2"
  resolved "https://artifactory-prd.jbhunt.com:8081/artifactory/api/npm/npm-repos/chalk/-/chalk-4.1.2.tgz#aac4e2b7734a740867aeb16bf02aad556a1e7a01"
  integrity sha1-qsTit3NKdAhnrrFr8CqtVWoeegE=
  dependencies:
    ansi-styles "^4.1.0"
    supports-color "^7.1.0"

color-convert@^2.0.1:
  version "2.0.1"
  resolved "https://artifactory-prd.jbhunt.com:8081/artifactory/api/npm/npm-repos/color-convert/-/color-convert-2.0.1.tgz#72d3a68d598c9bdb3af2ad1e84f21d896abd4de3"
  integrity sha1-ctOmjVmMm9s68q0ehPIdiWq9TeM=
  dependencies:
    color-name "~1.1.4"

color-name@~1.1.4:
  version "1.1.4"
  resolved "https://artifactory-prd.jbhunt.com:8081/artifactory/api/npm/npm-repos/color-name/-/color-name-1.1.4.tgz#c2a09a87acbde69543de6f63fa3995c826c536a2"
  integrity sha1-wqCah6y95pVD3m9j+jmVyCbFNqI=

dayjs@^1.10.7:
  version "1.10.7"
  resolved "https://artifactory-prd.jbhunt.com:8081/artifactory/api/npm/npm-repos/dayjs/-/dayjs-1.10.7.tgz#2cf5f91add28116748440866a0a1d26f3a6ce468"
  integrity sha1-LPX5Gt0oEWdIRAhmoKHSbzps5Gg=

fs-extra@^10.0.0:
  version "10.0.1"
  resolved "https://artifactory-prd.jbhunt.com:8081/artifactory/api/npm/npm-repos/fs-extra/-/fs-extra-10.0.1.tgz#27de43b4320e833f6867cc044bfce29fdf0ef3b8"
  integrity sha1-J95DtDIOgz9oZ8wES/zin98O87g=
  dependencies:
    graceful-fs "^4.2.0"
    jsonfile "^6.0.1"
    universalify "^2.0.0"

graceful-fs@^4.1.6, graceful-fs@^4.2.0:
  version "4.2.9"
  resolved "https://artifactory-prd.jbhunt.com:8081/artifactory/api/npm/npm-repos/graceful-fs/-/graceful-fs-4.2.9.tgz#041b05df45755e587a24942279b9d113146e1c96"
  integrity sha1-BBsF30V1Xlh6JJQiebnRExRuHJY=

has-flag@^4.0.0:
  version "4.0.0"
  resolved "https://artifactory-prd.jbhunt.com:8081/artifactory/api/npm/npm-repos/has-flag/-/has-flag-4.0.0.tgz#944771fd9c81c81265c4d6941860da06bb59479b"
  integrity sha1-lEdx/ZyByBJlxNaUGGDaBrtZR5s=

jsonfile@^6.0.1:
  version "6.1.0"
  resolved "https://artifactory-prd.jbhunt.com:8081/artifactory/api/npm/npm-repos/jsonfile/-/jsonfile-6.1.0.tgz#bc55b2634793c679ec6403094eb13698a6ec0aae"
  integrity sha1-vFWyY0eTxnnsZAMJTrE2mKbsCq4=
  dependencies:
    universalify "^2.0.0"
  optionalDependencies:
    graceful-fs "^4.1.6"

node-fetch@^2.6.1:
  version "2.6.7"
  resolved "https://artifactory-prd.jbhunt.com:8081/artifactory/api/npm/npm-repos/node-fetch/-/node-fetch-2.6.7.tgz#24de9fba827e3b4ae44dc8b20256a379160052ad"
  integrity sha1-JN6fuoJ+O0rkTciyAlajeRYAUq0=
  dependencies:
    whatwg-url "^5.0.0"

node-hue-api@^5.0.0-beta.13:
  version "5.0.0-beta.13"
  resolved "https://artifactory-prd.jbhunt.com:8081/artifactory/api/npm/npm-repos/node-hue-api/-/node-hue-api-5.0.0-beta.13.tgz#004a5ebc41415e8126cd253c5533d2b6624ad944"
  integrity sha1-AEpevEFBXoEmzSU8VTPStmJK2UQ=
  dependencies:
    "@peter-murray/hue-bridge-model" "^2.0.1"
    bottleneck "^2.19.5"
    node-fetch "^2.6.1"

prettier@^2.5.1:
  version "2.5.1"
  resolved "https://artifactory-prd.jbhunt.com:8081/artifactory/api/npm/npm-repos/prettier/-/prettier-2.5.1.tgz#fff75fa9d519c54cf0fce328c1017d94546bc56a"
  integrity sha1-//dfqdUZxUzw/OMowQF9lFRrxWo=

supports-color@^7.1.0:
  version "7.2.0"
  resolved "https://artifactory-prd.jbhunt.com:8081/artifactory/api/npm/npm-repos/supports-color/-/supports-color-7.2.0.tgz#1b7dcdcb32b8138801b3e478ba6a51caa89648da"
  integrity sha1-G33NyzK4E4gBs+R4umpRyqiWSNo=
  dependencies:
    has-flag "^4.0.0"

tr46@~0.0.3:
  version "0.0.3"
  resolved "https://artifactory-prd.jbhunt.com:8081/artifactory/api/npm/npm-repos/tr46/-/tr46-0.0.3.tgz#8184fd347dac9cdc185992f3a6622e14b9d9ab6a"
  integrity sha1-gYT9NH2snNwYWZLzpmIuFLnZq2o=

typescript@^4.5.5:
  version "4.5.5"
  resolved "https://artifactory-prd.jbhunt.com:8081/artifactory/api/npm/npm-repos/typescript/-/typescript-4.5.5.tgz#d8c953832d28924a9e3d37c73d729c846c5896f3"
  integrity sha1-2MlTgy0okkqePTfHPXKchGxYlvM=

universalify@^2.0.0:
  version "2.0.0"
  resolved "https://artifactory-prd.jbhunt.com:8081/artifactory/api/npm/npm-repos/universalify/-/universalify-2.0.0.tgz#75a4984efedc4b08975c5aeb73f530d02df25717"
  integrity sha1-daSYTv7cSwiXXFrrc/Uw0C3yVxc=

webidl-conversions@^3.0.0:
  version "3.0.1"
  resolved "https://artifactory-prd.jbhunt.com:8081/artifactory/api/npm/npm-repos/webidl-conversions/-/webidl-conversions-3.0.1.tgz#24534275e2a7bc6be7bc86611cc16ae0a5654871"
  integrity sha1-JFNCdeKnvGvnvIZhHMFq4KVlSHE=

whatwg-url@^5.0.0:
  version "5.0.0"
  resolved "https://artifactory-prd.jbhunt.com:8081/artifactory/api/npm/npm-repos/whatwg-url/-/whatwg-url-5.0.0.tgz#966454e8765462e37644d3626f6742ce8b70965d"
  integrity sha1-lmRU6HZUYuN2RNNib2dCzotwll0=
  dependencies:
    tr46 "~0.0.3"
    webidl-conversions "^3.0.0"
